// !$*UTF8*$!
{
	archiveVersion = 1;
	classes = {
	};
	objectVersion = 51;
	objects = {

/* Begin PBXBuildFile section */
		22044BFD24C5E298001FC245 /* Extensions+UIView.swift in Sources */ = {isa = PBXBuildFile; fileRef = 22044BFC24C5E298001FC245 /* Extensions+UIView.swift */; };
		22044C0024C5E2A2001FC245 /* User.swift in Sources */ = {isa = PBXBuildFile; fileRef = 22044BFF24C5E2A2001FC245 /* User.swift */; };
		22044C0324C5E2A6001FC245 /* Service.swift in Sources */ = {isa = PBXBuildFile; fileRef = 22044C0224C5E2A6001FC245 /* Service.swift */; };
		22044C0A24C5E2AC001FC245 /* HomeController.swift in Sources */ = {isa = PBXBuildFile; fileRef = 22044C0624C5E2AC001FC245 /* HomeController.swift */; };
		22044C0B24C5E2AC001FC245 /* LoginController.swift in Sources */ = {isa = PBXBuildFile; fileRef = 22044C0724C5E2AC001FC245 /* LoginController.swift */; };
		22044C0C24C5E2AC001FC245 /* SignUpController.swift in Sources */ = {isa = PBXBuildFile; fileRef = 22044C0824C5E2AC001FC245 /* SignUpController.swift */; };
		22044C1124C5E2B4001FC245 /* LocationInputView.swift in Sources */ = {isa = PBXBuildFile; fileRef = 22044C0E24C5E2B4001FC245 /* LocationInputView.swift */; };
		22044C1224C5E2B4001FC245 /* LocationInputViewActivationView.swift in Sources */ = {isa = PBXBuildFile; fileRef = 22044C0F24C5E2B4001FC245 /* LocationInputViewActivationView.swift */; };
		22044C1624C5E2B9001FC245 /* Referance.swift in Sources */ = {isa = PBXBuildFile; fileRef = 22044C1524C5E2B9001FC245 /* Referance.swift */; };
		22044C1824C5E301001FC245 /* GoogleService-Info.plist in Resources */ = {isa = PBXBuildFile; fileRef = 22044C1724C5E301001FC245 /* GoogleService-Info.plist */; };
		221CE74424D02120006085D6 /* ContainerController.swift in Sources */ = {isa = PBXBuildFile; fileRef = 221CE74224D02120006085D6 /* ContainerController.swift */; };
		221CE74524D02120006085D6 /* MenuController.swift in Sources */ = {isa = PBXBuildFile; fileRef = 221CE74324D02120006085D6 /* MenuController.swift */; };
		221CE74924D0214D006085D6 /* MenuHeader.swift in Sources */ = {isa = PBXBuildFile; fileRef = 221CE74624D0214C006085D6 /* MenuHeader.swift */; };
		221CE74A24D0214D006085D6 /* SettingsController.swift in Sources */ = {isa = PBXBuildFile; fileRef = 221CE74724D0214C006085D6 /* SettingsController.swift */; };
		221CE74B24D0214D006085D6 /* AddLocationController.swift in Sources */ = {isa = PBXBuildFile; fileRef = 221CE74824D0214D006085D6 /* AddLocationController.swift */; };
		221CE74D24D0228F006085D6 /* UserInfoHeader.swift in Sources */ = {isa = PBXBuildFile; fileRef = 221CE74C24D0228F006085D6 /* UserInfoHeader.swift */; };
		221CE74F24D022BB006085D6 /* LocationCell.swift in Sources */ = {isa = PBXBuildFile; fileRef = 221CE74E24D022BB006085D6 /* LocationCell.swift */; };
		221CE75524D06239006085D6 /* TaksiDurakları.swift in Sources */ = {isa = PBXBuildFile; fileRef = 221CE75424D06239006085D6 /* TaksiDurakları.swift */; };
		221CE75924D06728006085D6 /* BestTaxi.swift in Sources */ = {isa = PBXBuildFile; fileRef = 221CE75824D06728006085D6 /* BestTaxi.swift */; };
		221CE75B24D06EB2006085D6 /* BestTaxiCell.swift in Sources */ = {isa = PBXBuildFile; fileRef = 221CE75A24D06EB1006085D6 /* BestTaxiCell.swift */; };
		2240024924C6DD340086DA98 /* LocationHandler.swift in Sources */ = {isa = PBXBuildFile; fileRef = 2240024824C6DD340086DA98 /* LocationHandler.swift */; };
		22438E0B24C5E13D0001D289 /* AppDelegate.swift in Sources */ = {isa = PBXBuildFile; fileRef = 22438E0A24C5E13D0001D289 /* AppDelegate.swift */; };
		22438E0D24C5E13D0001D289 /* SceneDelegate.swift in Sources */ = {isa = PBXBuildFile; fileRef = 22438E0C24C5E13D0001D289 /* SceneDelegate.swift */; };
		22438E1224C5E13D0001D289 /* Main.storyboard in Resources */ = {isa = PBXBuildFile; fileRef = 22438E1024C5E13D0001D289 /* Main.storyboard */; };
		22438E1424C5E1400001D289 /* Assets.xcassets in Resources */ = {isa = PBXBuildFile; fileRef = 22438E1324C5E1400001D289 /* Assets.xcassets */; };
		22438E1724C5E1400001D289 /* LaunchScreen.storyboard in Resources */ = {isa = PBXBuildFile; fileRef = 22438E1524C5E1400001D289 /* LaunchScreen.storyboard */; };
		2291CDD024C731D600A2B6BB /* DriverAnnotation.swift in Sources */ = {isa = PBXBuildFile; fileRef = 2291CDCF24C731D600A2B6BB /* DriverAnnotation.swift */; };
		22E7E91624C84F8900F59FDE /* RideActionView.swift in Sources */ = {isa = PBXBuildFile; fileRef = 22E7E91524C84F8900F59FDE /* RideActionView.swift */; };
		3AE041D90371F3F813EEDA28 /* Pods_Otaxi.framework in Frameworks */ = {isa = PBXBuildFile; fileRef = CA98B7F4BEECD6D5E9D24434 /* Pods_Otaxi.framework */; };
/* End PBXBuildFile section */

/* Begin PBXFileReference section */
		000849334F750E2339699914 /* Pods-Otaxi.release.xcconfig */ = {isa = PBXFileReference; includeInIndex = 1; lastKnownFileType = text.xcconfig; name = "Pods-Otaxi.release.xcconfig"; path = "Target Support Files/Pods-Otaxi/Pods-Otaxi.release.xcconfig"; sourceTree = "<group>"; };
		17DA71E11B4BE8B96B35AAF3 /* Pods-Otaxi.debug.xcconfig */ = {isa = PBXFileReference; includeInIndex = 1; lastKnownFileType = text.xcconfig; name = "Pods-Otaxi.debug.xcconfig"; path = "Target Support Files/Pods-Otaxi/Pods-Otaxi.debug.xcconfig"; sourceTree = "<group>"; };
		22044BFC24C5E298001FC245 /* Extensions+UIView.swift */ = {isa = PBXFileReference; fileEncoding = 4; lastKnownFileType = sourcecode.swift; path = "Extensions+UIView.swift"; sourceTree = "<group>"; };
		22044BFF24C5E2A2001FC245 /* User.swift */ = {isa = PBXFileReference; fileEncoding = 4; lastKnownFileType = sourcecode.swift; path = User.swift; sourceTree = "<group>"; };
		22044C0224C5E2A6001FC245 /* Service.swift */ = {isa = PBXFileReference; fileEncoding = 4; lastKnownFileType = sourcecode.swift; path = Service.swift; sourceTree = "<group>"; };
		22044C0624C5E2AC001FC245 /* HomeController.swift */ = {isa = PBXFileReference; fileEncoding = 4; lastKnownFileType = sourcecode.swift; path = HomeController.swift; sourceTree = "<group>"; };
		22044C0724C5E2AC001FC245 /* LoginController.swift */ = {isa = PBXFileReference; fileEncoding = 4; lastKnownFileType = sourcecode.swift; path = LoginController.swift; sourceTree = "<group>"; };
		22044C0824C5E2AC001FC245 /* SignUpController.swift */ = {isa = PBXFileReference; fileEncoding = 4; lastKnownFileType = sourcecode.swift; path = SignUpController.swift; sourceTree = "<group>"; };
		22044C0E24C5E2B4001FC245 /* LocationInputView.swift */ = {isa = PBXFileReference; fileEncoding = 4; lastKnownFileType = sourcecode.swift; path = LocationInputView.swift; sourceTree = "<group>"; };
		22044C0F24C5E2B4001FC245 /* LocationInputViewActivationView.swift */ = {isa = PBXFileReference; fileEncoding = 4; lastKnownFileType = sourcecode.swift; path = LocationInputViewActivationView.swift; sourceTree = "<group>"; };
		22044C1524C5E2B9001FC245 /* Referance.swift */ = {isa = PBXFileReference; fileEncoding = 4; lastKnownFileType = sourcecode.swift; path = Referance.swift; sourceTree = "<group>"; };
		22044C1724C5E301001FC245 /* GoogleService-Info.plist */ = {isa = PBXFileReference; fileEncoding = 4; lastKnownFileType = text.plist.xml; path = "GoogleService-Info.plist"; sourceTree = "<group>"; };
		221CE74224D02120006085D6 /* ContainerController.swift */ = {isa = PBXFileReference; fileEncoding = 4; lastKnownFileType = sourcecode.swift; path = ContainerController.swift; sourceTree = "<group>"; };
		221CE74324D02120006085D6 /* MenuController.swift */ = {isa = PBXFileReference; fileEncoding = 4; lastKnownFileType = sourcecode.swift; path = MenuController.swift; sourceTree = "<group>"; };
		221CE74624D0214C006085D6 /* MenuHeader.swift */ = {isa = PBXFileReference; fileEncoding = 4; lastKnownFileType = sourcecode.swift; path = MenuHeader.swift; sourceTree = "<group>"; };
		221CE74724D0214C006085D6 /* SettingsController.swift */ = {isa = PBXFileReference; fileEncoding = 4; lastKnownFileType = sourcecode.swift; path = SettingsController.swift; sourceTree = "<group>"; };
		221CE74824D0214D006085D6 /* AddLocationController.swift */ = {isa = PBXFileReference; fileEncoding = 4; lastKnownFileType = sourcecode.swift; path = AddLocationController.swift; sourceTree = "<group>"; };
		221CE74C24D0228F006085D6 /* UserInfoHeader.swift */ = {isa = PBXFileReference; fileEncoding = 4; lastKnownFileType = sourcecode.swift; path = UserInfoHeader.swift; sourceTree = "<group>"; };
		221CE74E24D022BB006085D6 /* LocationCell.swift */ = {isa = PBXFileReference; fileEncoding = 4; lastKnownFileType = sourcecode.swift; name = LocationCell.swift; path = ../../../../../Downloads/UberTutorial/UberTutorial/View/LocationCell.swift; sourceTree = "<group>"; };
		221CE75424D06239006085D6 /* TaksiDurakları.swift */ = {isa = PBXFileReference; fileEncoding = 4; lastKnownFileType = sourcecode.swift; path = "TaksiDurakları.swift"; sourceTree = "<group>"; };
		221CE75824D06728006085D6 /* BestTaxi.swift */ = {isa = PBXFileReference; lastKnownFileType = sourcecode.swift; path = BestTaxi.swift; sourceTree = "<group>"; };
		221CE75A24D06EB1006085D6 /* BestTaxiCell.swift */ = {isa = PBXFileReference; lastKnownFileType = sourcecode.swift; path = BestTaxiCell.swift; sourceTree = "<group>"; };
		2240024824C6DD340086DA98 /* LocationHandler.swift */ = {isa = PBXFileReference; lastKnownFileType = sourcecode.swift; path = LocationHandler.swift; sourceTree = "<group>"; };
		22438E0724C5E13D0001D289 /* Otaxi.app */ = {isa = PBXFileReference; explicitFileType = wrapper.application; includeInIndex = 0; path = Otaxi.app; sourceTree = BUILT_PRODUCTS_DIR; };
		22438E0A24C5E13D0001D289 /* AppDelegate.swift */ = {isa = PBXFileReference; lastKnownFileType = sourcecode.swift; path = AppDelegate.swift; sourceTree = "<group>"; };
		22438E0C24C5E13D0001D289 /* SceneDelegate.swift */ = {isa = PBXFileReference; lastKnownFileType = sourcecode.swift; path = SceneDelegate.swift; sourceTree = "<group>"; };
		22438E1124C5E13D0001D289 /* Base */ = {isa = PBXFileReference; lastKnownFileType = file.storyboard; name = Base; path = Base.lproj/Main.storyboard; sourceTree = "<group>"; };
		22438E1324C5E1400001D289 /* Assets.xcassets */ = {isa = PBXFileReference; lastKnownFileType = folder.assetcatalog; path = Assets.xcassets; sourceTree = "<group>"; };
		22438E1624C5E1400001D289 /* Base */ = {isa = PBXFileReference; lastKnownFileType = file.storyboard; name = Base; path = Base.lproj/LaunchScreen.storyboard; sourceTree = "<group>"; };
		22438E1824C5E1400001D289 /* Info.plist */ = {isa = PBXFileReference; lastKnownFileType = text.plist.xml; path = Info.plist; sourceTree = "<group>"; };
		2291CDCF24C731D600A2B6BB /* DriverAnnotation.swift */ = {isa = PBXFileReference; lastKnownFileType = sourcecode.swift; path = DriverAnnotation.swift; sourceTree = "<group>"; };
		22E7E91524C84F8900F59FDE /* RideActionView.swift */ = {isa = PBXFileReference; lastKnownFileType = sourcecode.swift; path = RideActionView.swift; sourceTree = "<group>"; };
		CA98B7F4BEECD6D5E9D24434 /* Pods_Otaxi.framework */ = {isa = PBXFileReference; explicitFileType = wrapper.framework; includeInIndex = 0; path = Pods_Otaxi.framework; sourceTree = BUILT_PRODUCTS_DIR; };
/* End PBXFileReference section */

/* Begin PBXFrameworksBuildPhase section */
		22438E0424C5E13D0001D289 /* Frameworks */ = {
			isa = PBXFrameworksBuildPhase;
			buildActionMask = 2147483647;
			files = (
				3AE041D90371F3F813EEDA28 /* Pods_Otaxi.framework in Frameworks */,
			);
			runOnlyForDeploymentPostprocessing = 0;
		};
/* End PBXFrameworksBuildPhase section */

/* Begin PBXGroup section */
		22044BFB24C5E298001FC245 /* Extensions */ = {
			isa = PBXGroup;
			children = (
				22044BFC24C5E298001FC245 /* Extensions+UIView.swift */,
			);
			path = Extensions;
			sourceTree = "<group>";
		};
		22044BFE24C5E2A2001FC245 /* Model */ = {
			isa = PBXGroup;
			children = (
				221CE75424D06239006085D6 /* TaksiDurakları.swift */,
				22044BFF24C5E2A2001FC245 /* User.swift */,
				2291CDCF24C731D600A2B6BB /* DriverAnnotation.swift */,
			);
			path = Model;
			sourceTree = "<group>";
		};
		22044C0124C5E2A6001FC245 /* Service */ = {
			isa = PBXGroup;
			children = (
				22044C0224C5E2A6001FC245 /* Service.swift */,
			);
			path = Service;
			sourceTree = "<group>";
		};
		22044C0424C5E2AC001FC245 /* Controller */ = {
			isa = PBXGroup;
			children = (
				221CE75624D0668C006085D6 /* Auth */,
				221CE74124D02120006085D6 /* SideMenu */,
				22044C0624C5E2AC001FC245 /* HomeController.swift */,
				221CE75824D06728006085D6 /* BestTaxi.swift */,
			);
			path = Controller;
			sourceTree = "<group>";
		};
		22044C0D24C5E2B4001FC245 /* View */ = {
			isa = PBXGroup;
			children = (
				221CE75A24D06EB1006085D6 /* BestTaxiCell.swift */,
				221CE75724D066B6006085D6 /* Side Menu View */,
				221CE74E24D022BB006085D6 /* LocationCell.swift */,
				22044C0E24C5E2B4001FC245 /* LocationInputView.swift */,
				22044C0F24C5E2B4001FC245 /* LocationInputViewActivationView.swift */,
				22E7E91524C84F8900F59FDE /* RideActionView.swift */,
			);
			path = View;
			sourceTree = "<group>";
		};
		22044C1424C5E2B9001FC245 /* Utils */ = {
			isa = PBXGroup;
			children = (
				22044C1524C5E2B9001FC245 /* Referance.swift */,
				2240024824C6DD340086DA98 /* LocationHandler.swift */,
			);
			path = Utils;
			sourceTree = "<group>";
		};
		221CE74124D02120006085D6 /* SideMenu */ = {
			isa = PBXGroup;
			children = (
				221CE74824D0214D006085D6 /* AddLocationController.swift */,
				221CE74724D0214C006085D6 /* SettingsController.swift */,
				221CE74224D02120006085D6 /* ContainerController.swift */,
				221CE74324D02120006085D6 /* MenuController.swift */,
			);
			path = SideMenu;
			sourceTree = "<group>";
		};
		221CE75624D0668C006085D6 /* Auth */ = {
			isa = PBXGroup;
			children = (
				22044C0724C5E2AC001FC245 /* LoginController.swift */,
				22044C0824C5E2AC001FC245 /* SignUpController.swift */,
			);
			path = Auth;
			sourceTree = "<group>";
		};
		221CE75724D066B6006085D6 /* Side Menu View */ = {
			isa = PBXGroup;
			children = (
				221CE74624D0214C006085D6 /* MenuHeader.swift */,
				221CE74C24D0228F006085D6 /* UserInfoHeader.swift */,
			);
			path = "Side Menu View";
			sourceTree = "<group>";
		};
		22438DFE24C5E13D0001D289 = {
			isa = PBXGroup;
			children = (
				22438E0924C5E13D0001D289 /* Otaxi */,
				22438E0824C5E13D0001D289 /* Products */,
				B336F30A6503C6D793E446DD /* Pods */,
				C3264A6EED4A366CA180A32D /* Frameworks */,
			);
			sourceTree = "<group>";
		};
		22438E0824C5E13D0001D289 /* Products */ = {
			isa = PBXGroup;
			children = (
				22438E0724C5E13D0001D289 /* Otaxi.app */,
			);
			name = Products;
			sourceTree = "<group>";
		};
		22438E0924C5E13D0001D289 /* Otaxi */ = {
			isa = PBXGroup;
			children = (
				22438E1E24C5E1480001D289 /* Delegates */,
				22044BFB24C5E298001FC245 /* Extensions */,
				22044BFE24C5E2A2001FC245 /* Model */,
				22044C0124C5E2A6001FC245 /* Service */,
				22044C0424C5E2AC001FC245 /* Controller */,
				22044C0D24C5E2B4001FC245 /* View */,
				22044C1424C5E2B9001FC245 /* Utils */,
				22438E1F24C5E1550001D289 /* StoryBoards */,
				22438E1824C5E1400001D289 /* Info.plist */,
				22044C1724C5E301001FC245 /* GoogleService-Info.plist */,
			);
			path = Otaxi;
			sourceTree = "<group>";
		};
		22438E1E24C5E1480001D289 /* Delegates */ = {
			isa = PBXGroup;
			children = (
				22438E0A24C5E13D0001D289 /* AppDelegate.swift */,
				22438E0C24C5E13D0001D289 /* SceneDelegate.swift */,
			);
			path = Delegates;
			sourceTree = "<group>";
		};
		22438E1F24C5E1550001D289 /* StoryBoards */ = {
			isa = PBXGroup;
			children = (
				22438E1024C5E13D0001D289 /* Main.storyboard */,
				22438E1324C5E1400001D289 /* Assets.xcassets */,
				22438E1524C5E1400001D289 /* LaunchScreen.storyboard */,
			);
			path = StoryBoards;
			sourceTree = "<group>";
		};
		B336F30A6503C6D793E446DD /* Pods */ = {
			isa = PBXGroup;
			children = (
				17DA71E11B4BE8B96B35AAF3 /* Pods-Otaxi.debug.xcconfig */,
				000849334F750E2339699914 /* Pods-Otaxi.release.xcconfig */,
			);
			path = Pods;
			sourceTree = "<group>";
		};
		C3264A6EED4A366CA180A32D /* Frameworks */ = {
			isa = PBXGroup;
			children = (
				CA98B7F4BEECD6D5E9D24434 /* Pods_Otaxi.framework */,
			);
			name = Frameworks;
			sourceTree = "<group>";
		};
/* End PBXGroup section */

/* Begin PBXNativeTarget section */
		22438E0624C5E13D0001D289 /* Otaxi */ = {
			isa = PBXNativeTarget;
			buildConfigurationList = 22438E1B24C5E1400001D289 /* Build configuration list for PBXNativeTarget "Otaxi" */;
			buildPhases = (
				ABCBEA1B1D810205976375EB /* [CP] Check Pods Manifest.lock */,
				22438E0324C5E13D0001D289 /* Sources */,
				22438E0424C5E13D0001D289 /* Frameworks */,
				22438E0524C5E13D0001D289 /* Resources */,
				1C53FF46C292A57DA8EA342A /* [CP] Embed Pods Frameworks */,
			);
			buildRules = (
			);
			dependencies = (
			);
			name = Otaxi;
			productName = Otaxi;
			productReference = 22438E0724C5E13D0001D289 /* Otaxi.app */;
			productType = "com.apple.product-type.application";
		};
/* End PBXNativeTarget section */

/* Begin PBXProject section */
		22438DFF24C5E13D0001D289 /* Project object */ = {
			isa = PBXProject;
			attributes = {
				LastSwiftUpdateCheck = 1200;
				LastUpgradeCheck = 1200;
				TargetAttributes = {
					22438E0624C5E13D0001D289 = {
						CreatedOnToolsVersion = 12.0;
					};
				};
			};
			buildConfigurationList = 22438E0224C5E13D0001D289 /* Build configuration list for PBXProject "Otaxi" */;
			compatibilityVersion = "Xcode 9.3";
			developmentRegion = en;
			hasScannedForEncodings = 0;
			knownRegions = (
				en,
				Base,
			);
			mainGroup = 22438DFE24C5E13D0001D289;
			productRefGroup = 22438E0824C5E13D0001D289 /* Products */;
			projectDirPath = "";
			projectRoot = "";
			targets = (
				22438E0624C5E13D0001D289 /* Otaxi */,
			);
		};
/* End PBXProject section */

/* Begin PBXResourcesBuildPhase section */
		22438E0524C5E13D0001D289 /* Resources */ = {
			isa = PBXResourcesBuildPhase;
			buildActionMask = 2147483647;
			files = (
				22438E1724C5E1400001D289 /* LaunchScreen.storyboard in Resources */,
				22044C1824C5E301001FC245 /* GoogleService-Info.plist in Resources */,
				22438E1424C5E1400001D289 /* Assets.xcassets in Resources */,
				22438E1224C5E13D0001D289 /* Main.storyboard in Resources */,
			);
			runOnlyForDeploymentPostprocessing = 0;
		};
/* End PBXResourcesBuildPhase section */

/* Begin PBXShellScriptBuildPhase section */
		1C53FF46C292A57DA8EA342A /* [CP] Embed Pods Frameworks */ = {
			isa = PBXShellScriptBuildPhase;
			buildActionMask = 2147483647;
			files = (
			);
			inputFileListPaths = (
				"${PODS_ROOT}/Target Support Files/Pods-Otaxi/Pods-Otaxi-frameworks-${CONFIGURATION}-input-files.xcfilelist",
			);
			name = "[CP] Embed Pods Frameworks";
			outputFileListPaths = (
				"${PODS_ROOT}/Target Support Files/Pods-Otaxi/Pods-Otaxi-frameworks-${CONFIGURATION}-output-files.xcfilelist",
			);
			runOnlyForDeploymentPostprocessing = 0;
			shellPath = /bin/sh;
			shellScript = "\"${PODS_ROOT}/Target Support Files/Pods-Otaxi/Pods-Otaxi-frameworks.sh\"\n";
			showEnvVarsInLog = 0;
		};
		ABCBEA1B1D810205976375EB /* [CP] Check Pods Manifest.lock */ = {
			isa = PBXShellScriptBuildPhase;
			buildActionMask = 2147483647;
			files = (
			);
			inputFileListPaths = (
			);
			inputPaths = (
				"${PODS_PODFILE_DIR_PATH}/Podfile.lock",
				"${PODS_ROOT}/Manifest.lock",
			);
			name = "[CP] Check Pods Manifest.lock";
			outputFileListPaths = (
			);
			outputPaths = (
				"$(DERIVED_FILE_DIR)/Pods-Otaxi-checkManifestLockResult.txt",
			);
			runOnlyForDeploymentPostprocessing = 0;
			shellPath = /bin/sh;
			shellScript = "diff \"${PODS_PODFILE_DIR_PATH}/Podfile.lock\" \"${PODS_ROOT}/Manifest.lock\" > /dev/null\nif [ $? != 0 ] ; then\n    # print error to STDERR\n    echo \"error: The sandbox is not in sync with the Podfile.lock. Run 'pod install' or update your CocoaPods installation.\" >&2\n    exit 1\nfi\n# This output is used by Xcode 'outputs' to avoid re-running this script phase.\necho \"SUCCESS\" > \"${SCRIPT_OUTPUT_FILE_0}\"\n";
			showEnvVarsInLog = 0;
		};
/* End PBXShellScriptBuildPhase section */

/* Begin PBXSourcesBuildPhase section */
		22438E0324C5E13D0001D289 /* Sources */ = {
			isa = PBXSourcesBuildPhase;
			buildActionMask = 2147483647;
			files = (
				22044C0024C5E2A2001FC245 /* User.swift in Sources */,
				221CE74D24D0228F006085D6 /* UserInfoHeader.swift in Sources */,
				22438E0B24C5E13D0001D289 /* AppDelegate.swift in Sources */,
				22044C0C24C5E2AC001FC245 /* SignUpController.swift in Sources */,
				22044C0A24C5E2AC001FC245 /* HomeController.swift in Sources */,
				2291CDD024C731D600A2B6BB /* DriverAnnotation.swift in Sources */,
				221CE74F24D022BB006085D6 /* LocationCell.swift in Sources */,
				22044C1124C5E2B4001FC245 /* LocationInputView.swift in Sources */,
				2240024924C6DD340086DA98 /* LocationHandler.swift in Sources */,
				22044C0324C5E2A6001FC245 /* Service.swift in Sources */,
				221CE75924D06728006085D6 /* BestTaxi.swift in Sources */,
				22044C1224C5E2B4001FC245 /* LocationInputViewActivationView.swift in Sources */,
				221CE74524D02120006085D6 /* MenuController.swift in Sources */,
				22044C1624C5E2B9001FC245 /* Referance.swift in Sources */,
				22438E0D24C5E13D0001D289 /* SceneDelegate.swift in Sources */,
				22E7E91624C84F8900F59FDE /* RideActionView.swift in Sources */,
				22044C0B24C5E2AC001FC245 /* LoginController.swift in Sources */,
				221CE75B24D06EB2006085D6 /* BestTaxiCell.swift in Sources */,
				221CE75524D06239006085D6 /* TaksiDurakları.swift in Sources */,
				221CE74B24D0214D006085D6 /* AddLocationController.swift in Sources */,
				221CE74424D02120006085D6 /* ContainerController.swift in Sources */,
				221CE74A24D0214D006085D6 /* SettingsController.swift in Sources */,
				221CE74924D0214D006085D6 /* MenuHeader.swift in Sources */,
				22044BFD24C5E298001FC245 /* Extensions+UIView.swift in Sources */,
			);
			runOnlyForDeploymentPostprocessing = 0;
		};
/* End PBXSourcesBuildPhase section */

/* Begin PBXVariantGroup section */
		22438E1024C5E13D0001D289 /* Main.storyboard */ = {
			isa = PBXVariantGroup;
			children = (
				22438E1124C5E13D0001D289 /* Base */,
			);
			name = Main.storyboard;
			sourceTree = "<group>";
		};
		22438E1524C5E1400001D289 /* LaunchScreen.storyboard */ = {
			isa = PBXVariantGroup;
			children = (
				22438E1624C5E1400001D289 /* Base */,
			);
			name = LaunchScreen.storyboard;
			sourceTree = "<group>";
		};
/* End PBXVariantGroup section */

/* Begin XCBuildConfiguration section */
		22438E1924C5E1400001D289 /* Debug */ = {
			isa = XCBuildConfiguration;
			buildSettings = {
				ALWAYS_SEARCH_USER_PATHS = NO;
				CLANG_ANALYZER_NONNULL = YES;
				CLANG_ANALYZER_NUMBER_OBJECT_CONVERSION = YES_AGGRESSIVE;
				CLANG_CXX_LANGUAGE_STANDARD = "gnu++14";
				CLANG_CXX_LIBRARY = "libc++";
				CLANG_ENABLE_MODULES = YES;
				CLANG_ENABLE_OBJC_ARC = YES;
				CLANG_ENABLE_OBJC_WEAK = YES;
				CLANG_WARN_BLOCK_CAPTURE_AUTORELEASING = YES;
				CLANG_WARN_BOOL_CONVERSION = YES;
				CLANG_WARN_COMMA = YES;
				CLANG_WARN_CONSTANT_CONVERSION = YES;
				CLANG_WARN_DEPRECATED_OBJC_IMPLEMENTATIONS = YES;
				CLANG_WARN_DIRECT_OBJC_ISA_USAGE = YES_ERROR;
				CLANG_WARN_DOCUMENTATION_COMMENTS = YES;
				CLANG_WARN_EMPTY_BODY = YES;
				CLANG_WARN_ENUM_CONVERSION = YES;
				CLANG_WARN_INFINITE_RECURSION = YES;
				CLANG_WARN_INT_CONVERSION = YES;
				CLANG_WARN_NON_LITERAL_NULL_CONVERSION = YES;
				CLANG_WARN_OBJC_IMPLICIT_RETAIN_SELF = YES;
				CLANG_WARN_OBJC_LITERAL_CONVERSION = YES;
				CLANG_WARN_OBJC_ROOT_CLASS = YES_ERROR;
				CLANG_WARN_QUOTED_INCLUDE_IN_FRAMEWORK_HEADER = YES;
				CLANG_WARN_RANGE_LOOP_ANALYSIS = YES;
				CLANG_WARN_STRICT_PROTOTYPES = YES;
				CLANG_WARN_SUSPICIOUS_MOVE = YES;
				CLANG_WARN_UNGUARDED_AVAILABILITY = YES_AGGRESSIVE;
				CLANG_WARN_UNREACHABLE_CODE = YES;
				CLANG_WARN__DUPLICATE_METHOD_MATCH = YES;
				COPY_PHASE_STRIP = NO;
				DEBUG_INFORMATION_FORMAT = dwarf;
				ENABLE_STRICT_OBJC_MSGSEND = YES;
				ENABLE_TESTABILITY = YES;
				GCC_C_LANGUAGE_STANDARD = gnu11;
				GCC_DYNAMIC_NO_PIC = NO;
				GCC_NO_COMMON_BLOCKS = YES;
				GCC_OPTIMIZATION_LEVEL = 0;
				GCC_PREPROCESSOR_DEFINITIONS = (
					"DEBUG=1",
					"$(inherited)",
				);
				GCC_WARN_64_TO_32_BIT_CONVERSION = YES;
				GCC_WARN_ABOUT_RETURN_TYPE = YES_ERROR;
				GCC_WARN_UNDECLARED_SELECTOR = YES;
				GCC_WARN_UNINITIALIZED_AUTOS = YES_AGGRESSIVE;
				GCC_WARN_UNUSED_FUNCTION = YES;
				GCC_WARN_UNUSED_VARIABLE = YES;
				IPHONEOS_DEPLOYMENT_TARGET = 14.0;
				MTL_ENABLE_DEBUG_INFO = INCLUDE_SOURCE;
				MTL_FAST_MATH = YES;
				ONLY_ACTIVE_ARCH = YES;
				SDKROOT = iphoneos;
				SWIFT_ACTIVE_COMPILATION_CONDITIONS = DEBUG;
				SWIFT_OPTIMIZATION_LEVEL = "-Onone";
			};
			name = Debug;
		};
		22438E1A24C5E1400001D289 /* Release */ = {
			isa = XCBuildConfiguration;
			buildSettings = {
				ALWAYS_SEARCH_USER_PATHS = NO;
				CLANG_ANALYZER_NONNULL = YES;
				CLANG_ANALYZER_NUMBER_OBJECT_CONVERSION = YES_AGGRESSIVE;
				CLANG_CXX_LANGUAGE_STANDARD = "gnu++14";
				CLANG_CXX_LIBRARY = "libc++";
				CLANG_ENABLE_MODULES = YES;
				CLANG_ENABLE_OBJC_ARC = YES;
				CLANG_ENABLE_OBJC_WEAK = YES;
				CLANG_WARN_BLOCK_CAPTURE_AUTORELEASING = YES;
				CLANG_WARN_BOOL_CONVERSION = YES;
				CLANG_WARN_COMMA = YES;
				CLANG_WARN_CONSTANT_CONVERSION = YES;
				CLANG_WARN_DEPRECATED_OBJC_IMPLEMENTATIONS = YES;
				CLANG_WARN_DIRECT_OBJC_ISA_USAGE = YES_ERROR;
				CLANG_WARN_DOCUMENTATION_COMMENTS = YES;
				CLANG_WARN_EMPTY_BODY = YES;
				CLANG_WARN_ENUM_CONVERSION = YES;
				CLANG_WARN_INFINITE_RECURSION = YES;
				CLANG_WARN_INT_CONVERSION = YES;
				CLANG_WARN_NON_LITERAL_NULL_CONVERSION = YES;
				CLANG_WARN_OBJC_IMPLICIT_RETAIN_SELF = YES;
				CLANG_WARN_OBJC_LITERAL_CONVERSION = YES;
				CLANG_WARN_OBJC_ROOT_CLASS = YES_ERROR;
				CLANG_WARN_QUOTED_INCLUDE_IN_FRAMEWORK_HEADER = YES;
				CLANG_WARN_RANGE_LOOP_ANALYSIS = YES;
				CLANG_WARN_STRICT_PROTOTYPES = YES;
				CLANG_WARN_SUSPICIOUS_MOVE = YES;
				CLANG_WARN_UNGUARDED_AVAILABILITY = YES_AGGRESSIVE;
				CLANG_WARN_UNREACHABLE_CODE = YES;
				CLANG_WARN__DUPLICATE_METHOD_MATCH = YES;
				COPY_PHASE_STRIP = NO;
				DEBUG_INFORMATION_FORMAT = "dwarf-with-dsym";
				ENABLE_NS_ASSERTIONS = NO;
				ENABLE_STRICT_OBJC_MSGSEND = YES;
				GCC_C_LANGUAGE_STANDARD = gnu11;
				GCC_NO_COMMON_BLOCKS = YES;
				GCC_WARN_64_TO_32_BIT_CONVERSION = YES;
				GCC_WARN_ABOUT_RETURN_TYPE = YES_ERROR;
				GCC_WARN_UNDECLARED_SELECTOR = YES;
				GCC_WARN_UNINITIALIZED_AUTOS = YES_AGGRESSIVE;
				GCC_WARN_UNUSED_FUNCTION = YES;
				GCC_WARN_UNUSED_VARIABLE = YES;
				IPHONEOS_DEPLOYMENT_TARGET = 14.0;
				MTL_ENABLE_DEBUG_INFO = NO;
				MTL_FAST_MATH = YES;
				SDKROOT = iphoneos;
				SWIFT_COMPILATION_MODE = wholemodule;
				SWIFT_OPTIMIZATION_LEVEL = "-O";
				VALIDATE_PRODUCT = YES;
			};
			name = Release;
		};
		22438E1C24C5E1400001D289 /* Debug */ = {
			isa = XCBuildConfiguration;
			baseConfigurationReference = 17DA71E11B4BE8B96B35AAF3 /* Pods-Otaxi.debug.xcconfig */;
			buildSettings = {
				ASSETCATALOG_COMPILER_APPICON_NAME = AppIcon;
				ASSETCATALOG_COMPILER_GLOBAL_ACCENT_COLOR_NAME = AccentColor;
				CODE_SIGN_STYLE = Automatic;
				DEVELOPMENT_TEAM = C4BB468227;
				INFOPLIST_FILE = Otaxi/Info.plist;
				IPHONEOS_DEPLOYMENT_TARGET = 13.0;
				LD_RUNPATH_SEARCH_PATHS = (
					"$(inherited)",
					"@executable_path/Frameworks",
				);
				PRODUCT_BUNDLE_IDENTIFIER = com.erencelik.Otaxi;
				PRODUCT_NAME = "$(TARGET_NAME)";
				SWIFT_VERSION = 5.0;
				TARGETED_DEVICE_FAMILY = 1;
			};
			name = Debug;
		};
		22438E1D24C5E1400001D289 /* Release */ = {
			isa = XCBuildConfiguration;
			baseConfigurationReference = 000849334F750E2339699914 /* Pods-Otaxi.release.xcconfig */;
			buildSettings = {
				ASSETCATALOG_COMPILER_APPICON_NAME = AppIcon;
				ASSETCATALOG_COMPILER_GLOBAL_ACCENT_COLOR_NAME = AccentColor;
				CODE_SIGN_STYLE = Automatic;
				DEVELOPMENT_TEAM = C4BB468227;
				INFOPLIST_FILE = Otaxi/Info.plist;
				IPHONEOS_DEPLOYMENT_TARGET = 13.0;
				LD_RUNPATH_SEARCH_PATHS = (
					"$(inherited)",
					"@executable_path/Frameworks",
				);
				PRODUCT_BUNDLE_IDENTIFIER = com.erencelik.Otaxi;
				PRODUCT_NAME = "$(TARGET_NAME)";
				SWIFT_VERSION = 5.0;
				TARGETED_DEVICE_FAMILY = 1;
			};
			name = Release;
		};
/* End XCBuildConfiguration section */

/* Begin XCConfigurationList section */
		22438E0224C5E13D0001D289 /* Build configuration list for PBXProject "Otaxi" */ = {
			isa = XCConfigurationList;
			buildConfigurations = (
				22438E1924C5E1400001D289 /* Debug */,
				22438E1A24C5E1400001D289 /* Release */,
			);
			defaultConfigurationIsVisible = 0;
			defaultConfigurationName = Release;
		};
		22438E1B24C5E1400001D289 /* Build configuration list for PBXNativeTarget "Otaxi" */ = {
			isa = XCConfigurationList;
			buildConfigurations = (
				22438E1C24C5E1400001D289 /* Debug */,
				22438E1D24C5E1400001D289 /* Release */,
			);
			defaultConfigurationIsVisible = 0;
			defaultConfigurationName = Release;
		};
/* End XCConfigurationList section */
	};
	rootObject = 22438DFF24C5E13D0001D289 /* Project object */;
}
